{
  "version": "4",
  "specifiers": {
    "npm:zenn-cli@latest": "0.1.158"
  },
  "npm": {
    "zenn-cli@0.1.158": {
      "integrity": "sha512-bvQ96fK+9qw+SKxEmncg/rYU+1u0V6Bh+HuV8By+u4L+VZt/jn9hFyL+KWj/2ncSBDtcEBo6XLsCdNLxlUo+RA=="
    }
  },
  "workspace": {
    "packageJson": {
      "dependencies": [
        "npm:zenn-cli@latest"
      ]
    }
  }
}
